
Microsoft Visual Studio Solution File, Format Version 12.00
# Visual Studio Version 17
VisualStudioVersion = 17.7.34031.279
MinimumVisualStudioVersion = 10.0.40219.1
Project("{FAE04EC0-301F-11D3-BF4B-00C04F79EFBC}") = "hkjc_copyjson", "hkjc_copyjson\hkjc_copyjson.csproj", "{FD9582C2-F1E9-4BC2-A5BC-F0D7C1B4C4DF}"
EndProject
Global
	GlobalSection(SolutionConfigurationPlatforms) = preSolution
		Debug|Any CPU = Debug|Any CPU
		Release|Any CPU = Release|Any CPU
	EndGlobalSection
	GlobalSection(ProjectConfigurationPlatforms) = postSolution
		{FD9582C2-F1E9-4BC2-A5BC-F0D7C1B4C4DF}.Debug|Any CPU.ActiveCfg = Debug|Any CPU
		{FD9582C2-F1E9-4BC2-A5BC-F0D7C1B4C4DF}.Debug|Any CPU.Build.0 = Debug|Any CPU
		{FD9582C2-F1E9-4BC2-A5BC-F0D7C1B4C4DF}.Release|Any CPU.ActiveCfg = Release|Any CPU
		{FD9582C2-F1E9-4BC2-A5BC-F0D7C1B4C4DF}.Release|Any CPU.Build.0 = Release|Any CPU
	EndGlobalSection
	GlobalSection(SolutionProperties) = preSolution
		HideSolutionNode = FALSE
	EndGlobalSection
	GlobalSection(ExtensibilityGlobals) = postSolution
		SolutionGuid = {489DFD5D-B9D3-491B-A605-38BE0AD17ED4}
	EndGlobalSection
EndGlobal
